
Microsoft Visual Studio Solution File, Format Version 12.00
# Visual Studio 15
Project("{FAE04EC0-301F-11D3-BF4B-00C04F79EFBC}") = "Assembly-CSharp", "Assembly-CSharp.csproj", "{8F45A46C-8E5A-ECBA-8E28-E4D68F540986}"
EndProject
Project("{FAE04EC0-301F-11D3-BF4B-00C04F79EFBC}") = "Assembly-CSharp-Editor", "Assembly-CSharp-Editor.csproj", "{D6CE6E8E-A305-52DE-F0A1-B076CCF759EB}"
EndProject
Global
	GlobalSection(SolutionConfigurationPlatforms) = preSolution
		Debug|Any CPU = Debug|Any CPU
		Release|Any CPU = Release|Any CPU
	EndGlobalSection
	GlobalSection(ProjectConfigurationPlatforms) = postSolution
		{8F45A46C-8E5A-ECBA-8E28-E4D68F540986}.Debug|Any CPU.ActiveCfg = Debug|Any CPU
		{8F45A46C-8E5A-ECBA-8E28-E4D68F540986}.Debug|Any CPU.Build.0 = Debug|Any CPU
		{8F45A46C-8E5A-ECBA-8E28-E4D68F540986}.Release|Any CPU.ActiveCfg = Release|Any CPU
		{8F45A46C-8E5A-ECBA-8E28-E4D68F540986}.Release|Any CPU.Build.0 = Release|Any CPU
		{D6CE6E8E-A305-52DE-F0A1-B076CCF759EB}.Debug|Any CPU.ActiveCfg = Debug|Any CPU
		{D6CE6E8E-A305-52DE-F0A1-B076CCF759EB}.Debug|Any CPU.Build.0 = Debug|Any CPU
		{D6CE6E8E-A305-52DE-F0A1-B076CCF759EB}.Release|Any CPU.ActiveCfg = Release|Any CPU
		{D6CE6E8E-A305-52DE-F0A1-B076CCF759EB}.Release|Any CPU.Build.0 = Release|Any CPU
	EndGlobalSection
	GlobalSection(SolutionProperties) = preSolution
		HideSolutionNode = FALSE
	EndGlobalSection
EndGlobal
